{
  "nodes": {
    "nixpkgs": {
      "locked": {
        "lastModified": 1782467914,
        "narHash": "sha256-pGvFkM8N0xEkIIXDe5YYfbEAvHrk4IxBrjB/x8OomhE=",
        "owner": "NixOS",
        "repo": "nixpkgs",
        "rev": "e73de5be04e0eff4190a1432b946d469c794e7b4",
        "type": "github"
      },
      "original": {
        "owner": "NixOS",
        "ref": "nixos-unstable",
        "repo": "nixpkgs",
        "type": "github"
      }
    },
    "root": {
      "inputs": {
        "nixpkgs": "nixpkgs",
        "rust-overlay": "rust-overlay"
      }
    },
    "rust-overlay": {
      "inputs": {
        "nixpkgs": [
          "nixpkgs"
        ]
      },
      "locked": {
        "lastModified": 1783747106,
        "narHash": "sha256-KlepQu/O5m11lAjcJ4ER5bc6bIzyX2UMPDARzMzQfIw=",
        "ref": "refs/heads/master",
        "rev": "e598b37857b895b81020a65a802ef55f5bbed72f",
        "revCount": 2235,
        "type": "git",
        "url": "https://github.com/oxalica/rust-overlay"
      },
      "original": {
        "type": "git",
        "url": "https://github.com/oxalica/rust-overlay"
      }
    }
  },
  "root": "root",
  "version": 7
}
